
Microsoft Visual Studio Solution File, Format Version 12.00
# Visual Studio Version 16
VisualStudioVersion = 16.0.29806.167
MinimumVisualStudioVersion = 10.0.40219.1
Project("{2150E333-8FDC-42A3-9474-1A3956D46DE8}") = "1 MBKM.Data", "1 MBKM.Data", "{5134D915-2437-45B9-AB1B-E54073294A1C}"
EndProject
Project("{2150E333-8FDC-42A3-9474-1A3956D46DE8}") = "3 MBKM.UI", "3 MBKM.UI", "{3BADC43A-DA43-4979-B2C4-EFC26C195699}"
EndProject
Project("{FAE04EC0-301F-11D3-BF4B-00C04F79EFBC}") = "MBKM.Presentation", "MBKM.UI\MBKM.Presentation\MBKM.Presentation.csproj", "{A184E095-3CCC-40A0-9DAC-5D189B5CA366}"
EndProject
Project("{2150E333-8FDC-42A3-9474-1A3956D46DE8}") = "2 MBKM.BusinessLogic", "2 MBKM.BusinessLogic", "{1346683E-D6C2-4E69-86CE-ED6ED3FB61CE}"
EndProject
Project("{FAE04EC0-301F-11D3-BF4B-00C04F79EFBC}") = "MBKM.Entities", "MBKM.Data\MBKM.Entities\MBKM.Entities.csproj", "{A47C1DA8-998F-474A-9650-5EF1CA677589}"
EndProject
Project("{FAE04EC0-301F-11D3-BF4B-00C04F79EFBC}") = "MBKM.Repository", "MBKM.Data\MBKM.Repository\MBKM.Repository.csproj", "{4416D464-A629-485B-BAC1-F27E55992234}"
EndProject
Project("{FAE04EC0-301F-11D3-BF4B-00C04F79EFBC}") = "MBKM.Common", "MBKM.BusinessLogic\MBKM.Common\MBKM.Common.csproj", "{DE29ECDA-5915-4DA5-AB3D-C39316D353F4}"
EndProject
Global
	GlobalSection(SolutionConfigurationPlatforms) = preSolution
		Debug|Any CPU = Debug|Any CPU
		Release|Any CPU = Release|Any CPU
	EndGlobalSection
	GlobalSection(ProjectConfigurationPlatforms) = postSolution
		{A184E095-3CCC-40A0-9DAC-5D189B5CA366}.Debug|Any CPU.ActiveCfg = Debug|Any CPU
		{A184E095-3CCC-40A0-9DAC-5D189B5CA366}.Debug|Any CPU.Build.0 = Debug|Any CPU
		{A184E095-3CCC-40A0-9DAC-5D189B5CA366}.Release|Any CPU.ActiveCfg = Release|Any CPU
		{A184E095-3CCC-40A0-9DAC-5D189B5CA366}.Release|Any CPU.Build.0 = Release|Any CPU
		{A47C1DA8-998F-474A-9650-5EF1CA677589}.Debug|Any CPU.ActiveCfg = Debug|Any CPU
		{A47C1DA8-998F-474A-9650-5EF1CA677589}.Debug|Any CPU.Build.0 = Debug|Any CPU
		{A47C1DA8-998F-474A-9650-5EF1CA677589}.Release|Any CPU.ActiveCfg = Release|Any CPU
		{A47C1DA8-998F-474A-9650-5EF1CA677589}.Release|Any CPU.Build.0 = Release|Any CPU
		{4416D464-A629-485B-BAC1-F27E55992234}.Debug|Any CPU.ActiveCfg = Debug|Any CPU
		{4416D464-A629-485B-BAC1-F27E55992234}.Debug|Any CPU.Build.0 = Debug|Any CPU
		{4416D464-A629-485B-BAC1-F27E55992234}.Release|Any CPU.ActiveCfg = Release|Any CPU
		{4416D464-A629-485B-BAC1-F27E55992234}.Release|Any CPU.Build.0 = Release|Any CPU
		{DE29ECDA-5915-4DA5-AB3D-C39316D353F4}.Debug|Any CPU.ActiveCfg = Debug|Any CPU
		{DE29ECDA-5915-4DA5-AB3D-C39316D353F4}.Debug|Any CPU.Build.0 = Debug|Any CPU
		{DE29ECDA-5915-4DA5-AB3D-C39316D353F4}.Release|Any CPU.ActiveCfg = Release|Any CPU
		{DE29ECDA-5915-4DA5-AB3D-C39316D353F4}.Release|Any CPU.Build.0 = Release|Any CPU
	EndGlobalSection
	GlobalSection(SolutionProperties) = preSolution
		HideSolutionNode = FALSE
	EndGlobalSection
	GlobalSection(NestedProjects) = preSolution
		{A184E095-3CCC-40A0-9DAC-5D189B5CA366} = {3BADC43A-DA43-4979-B2C4-EFC26C195699}
		{A47C1DA8-998F-474A-9650-5EF1CA677589} = {5134D915-2437-45B9-AB1B-E54073294A1C}
		{4416D464-A629-485B-BAC1-F27E55992234} = {5134D915-2437-45B9-AB1B-E54073294A1C}
		{DE29ECDA-5915-4DA5-AB3D-C39316D353F4} = {1346683E-D6C2-4E69-86CE-ED6ED3FB61CE}
	EndGlobalSection
	GlobalSection(ExtensibilityGlobals) = postSolution
		SolutionGuid = {2357AFCC-1DA0-46DC-A2A8-198C967A1091}
	EndGlobalSection
EndGlobal
